// !$*UTF8*$!
{
	archiveVersion = 1;
	classes = {
	};
	objectVersion = 50;
	objects = {

/* Begin PBXBuildFile section */
		534C4E8D21A53999007ED5FE /* UserViewModel.swift in Sources */ = {isa = PBXBuildFile; fileRef = 534C4E8C21A53999007ED5FE /* UserViewModel.swift */; };
		534C4E8F21A54FE0007ED5FE /* QuizViewModel.swift in Sources */ = {isa = PBXBuildFile; fileRef = 534C4E8E21A54FE0007ED5FE /* QuizViewModel.swift */; };
		5368EE3921904AC60011860F /* ViewController.swift in Sources */ = {isa = PBXBuildFile; fileRef = 5368EE3721904AC60011860F /* ViewController.swift */; };
		5368EE3A21904AC60011860F /* AddQuestionController.swift in Sources */ = {isa = PBXBuildFile; fileRef = 5368EE3821904AC60011860F /* AddQuestionController.swift */; };
		5368EE4221904ADD0011860F /* Main.storyboard in Resources */ = {isa = PBXBuildFile; fileRef = 5368EE4021904ADD0011860F /* Main.storyboard */; };
		5368EE46219050C30011860F /* LaunchScreen.storyboard in Resources */ = {isa = PBXBuildFile; fileRef = 5368EE44219050C30011860F /* LaunchScreen.storyboard */; };
		5368EE4A219086510011860F /* CreateUserController.swift in Sources */ = {isa = PBXBuildFile; fileRef = 5368EE49219086510011860F /* CreateUserController.swift */; };
		5368EE4C219093F70011860F /* QuizViewController.swift in Sources */ = {isa = PBXBuildFile; fileRef = 5368EE4B219093F70011860F /* QuizViewController.swift */; };
		53CBBB0321AD1A4200F7EC6D /* HomeQuizViewController.swift in Sources */ = {isa = PBXBuildFile; fileRef = 53CBBB0221AD1A4200F7EC6D /* HomeQuizViewController.swift */; };
		53EBA87121AF569B001DDC4F /* Assets.xcassets in Resources */ = {isa = PBXBuildFile; fileRef = 53EBA87021AF569B001DDC4F /* Assets.xcassets */; };
		53EBA87321B0D96E001DDC4F /* LoadingScreen.swift in Sources */ = {isa = PBXBuildFile; fileRef = 53EBA87221B0D96E001DDC4F /* LoadingScreen.swift */; };
		72BEC0CD8B3CFF393AE8794B /* Pods_Thoughtful.framework in Frameworks */ = {isa = PBXBuildFile; fileRef = 38680F01BE4A916757C8AF15 /* Pods_Thoughtful.framework */; };
		907CB79B2186A0C2004A6A27 /* AppDelegate.swift in Sources */ = {isa = PBXBuildFile; fileRef = 907CB79A2186A0C2004A6A27 /* AppDelegate.swift */; };
		907CB7A32186A0C2004A6A27 /* Thoughtful.xcdatamodeld in Sources */ = {isa = PBXBuildFile; fileRef = 907CB7A12186A0C2004A6A27 /* Thoughtful.xcdatamodeld */; };
		907CB7A82186A0C3004A6A27 /* LaunchScreen.storyboard in Resources */ = {isa = PBXBuildFile; fileRef = 907CB7A62186A0C3004A6A27 /* LaunchScreen.storyboard */; };
		907CB7B32186A0C4004A6A27 /* ThoughtfulTests.swift in Sources */ = {isa = PBXBuildFile; fileRef = 907CB7B22186A0C4004A6A27 /* ThoughtfulTests.swift */; };
		909C26F72190A0390008FC48 /* Question.storyboard in Resources */ = {isa = PBXBuildFile; fileRef = 909C26F52190A0390008FC48 /* Question.storyboard */; };
		90C1EDB2219566560027440F /* Question.swift in Sources */ = {isa = PBXBuildFile; fileRef = 90C1EDB1219566560027440F /* Question.swift */; };
		90C1EDB42195EB870027440F /* QuestionsController.swift in Sources */ = {isa = PBXBuildFile; fileRef = 90C1EDB32195EB870027440F /* QuestionsController.swift */; };
		90C1EDB62195EEEB0027440F /* QuestionViewModel.swift in Sources */ = {isa = PBXBuildFile; fileRef = 90C1EDB52195EEEB0027440F /* QuestionViewModel.swift */; };
		90C1EDBA21960DEF0027440F /* QuestionTableCell.xib in Resources */ = {isa = PBXBuildFile; fileRef = 90C1EDB921960DEF0027440F /* QuestionTableCell.xib */; };
		90C1EDBC21960E900027440F /* QuestionTableCell.swift in Sources */ = {isa = PBXBuildFile; fileRef = 90C1EDBB21960E900027440F /* QuestionTableCell.swift */; };
		90C1EDBE219615AD0027440F /* QuestionDetailViewController.swift in Sources */ = {isa = PBXBuildFile; fileRef = 90C1EDBD219615AD0027440F /* QuestionDetailViewController.swift */; };
		C2037C10836386D914F2DA8A /* Pods_ThoughtfulTests.framework in Frameworks */ = {isa = PBXBuildFile; fileRef = 93EEDDE52E256EDF5D75AF85 /* Pods_ThoughtfulTests.framework */; };
/* End PBXBuildFile section */

/* Begin PBXContainerItemProxy section */
		907CB7AF2186A0C4004A6A27 /* PBXContainerItemProxy */ = {
			isa = PBXContainerItemProxy;
			containerPortal = 907CB78F2186A0C2004A6A27 /* Project object */;
			proxyType = 1;
			remoteGlobalIDString = 907CB7962186A0C2004A6A27;
			remoteInfo = Thoughtful;
		};
/* End PBXContainerItemProxy section */

/* Begin PBXFileReference section */
		134467094834F48FC6B34B20 /* Pods-ThoughtfulTests.debug.xcconfig */ = {isa = PBXFileReference; includeInIndex = 1; lastKnownFileType = text.xcconfig; name = "Pods-ThoughtfulTests.debug.xcconfig"; path = "Pods/Target Support Files/Pods-ThoughtfulTests/Pods-ThoughtfulTests.debug.xcconfig"; sourceTree = "<group>"; };
		38680F01BE4A916757C8AF15 /* Pods_Thoughtful.framework */ = {isa = PBXFileReference; explicitFileType = wrapper.framework; includeInIndex = 0; path = Pods_Thoughtful.framework; sourceTree = BUILT_PRODUCTS_DIR; };
		534C4E8C21A53999007ED5FE /* UserViewModel.swift */ = {isa = PBXFileReference; lastKnownFileType = sourcecode.swift; path = UserViewModel.swift; sourceTree = "<group>"; };
		534C4E8E21A54FE0007ED5FE /* QuizViewModel.swift */ = {isa = PBXFileReference; lastKnownFileType = sourcecode.swift; path = QuizViewModel.swift; sourceTree = "<group>"; };
		5368EE3721904AC60011860F /* ViewController.swift */ = {isa = PBXFileReference; fileEncoding = 4; lastKnownFileType = sourcecode.swift; path = ViewController.swift; sourceTree = "<group>"; };
		5368EE3821904AC60011860F /* AddQuestionController.swift */ = {isa = PBXFileReference; fileEncoding = 4; lastKnownFileType = sourcecode.swift; path = AddQuestionController.swift; sourceTree = "<group>"; };
		5368EE4121904ADD0011860F /* Base */ = {isa = PBXFileReference; lastKnownFileType = file.storyboard; name = Base; path = Base.lproj/Main.storyboard; sourceTree = "<group>"; };
		5368EE45219050C30011860F /* Base */ = {isa = PBXFileReference; lastKnownFileType = file.storyboard; name = Base; path = LaunchScreen.storyboard; sourceTree = "<group>"; };
		5368EE49219086510011860F /* CreateUserController.swift */ = {isa = PBXFileReference; lastKnownFileType = sourcecode.swift; path = CreateUserController.swift; sourceTree = "<group>"; };
		5368EE4B219093F70011860F /* QuizViewController.swift */ = {isa = PBXFileReference; lastKnownFileType = sourcecode.swift; path = QuizViewController.swift; sourceTree = "<group>"; };
		53CBBB0221AD1A4200F7EC6D /* HomeQuizViewController.swift */ = {isa = PBXFileReference; lastKnownFileType = sourcecode.swift; path = HomeQuizViewController.swift; sourceTree = "<group>"; };
		53EBA87021AF569B001DDC4F /* Assets.xcassets */ = {isa = PBXFileReference; lastKnownFileType = folder.assetcatalog; path = Assets.xcassets; sourceTree = "<group>"; };
		53EBA87221B0D96E001DDC4F /* LoadingScreen.swift */ = {isa = PBXFileReference; lastKnownFileType = sourcecode.swift; path = LoadingScreen.swift; sourceTree = "<group>"; };
		5EB9C88D8F7D7ABCE4D38A8A /* Pods-Thoughtful.debug.xcconfig */ = {isa = PBXFileReference; includeInIndex = 1; lastKnownFileType = text.xcconfig; name = "Pods-Thoughtful.debug.xcconfig"; path = "Pods/Target Support Files/Pods-Thoughtful/Pods-Thoughtful.debug.xcconfig"; sourceTree = "<group>"; };
		64E4AE1B0374248EB897FF96 /* Pods-Thoughtful.release.xcconfig */ = {isa = PBXFileReference; includeInIndex = 1; lastKnownFileType = text.xcconfig; name = "Pods-Thoughtful.release.xcconfig"; path = "Pods/Target Support Files/Pods-Thoughtful/Pods-Thoughtful.release.xcconfig"; sourceTree = "<group>"; };
		907CB7972186A0C2004A6A27 /* Thoughtful.app */ = {isa = PBXFileReference; explicitFileType = wrapper.application; includeInIndex = 0; path = Thoughtful.app; sourceTree = BUILT_PRODUCTS_DIR; };
		907CB79A2186A0C2004A6A27 /* AppDelegate.swift */ = {isa = PBXFileReference; lastKnownFileType = sourcecode.swift; path = AppDelegate.swift; sourceTree = "<group>"; };
		907CB7A22186A0C2004A6A27 /* Thoughtful.xcdatamodel */ = {isa = PBXFileReference; lastKnownFileType = wrapper.xcdatamodel; path = Thoughtful.xcdatamodel; sourceTree = "<group>"; };
		907CB7A72186A0C3004A6A27 /* Base */ = {isa = PBXFileReference; lastKnownFileType = file.storyboard; name = Base; path = Base.lproj/LaunchScreen.storyboard; sourceTree = "<group>"; };
		907CB7A92186A0C3004A6A27 /* Info.plist */ = {isa = PBXFileReference; lastKnownFileType = text.plist.xml; path = Info.plist; sourceTree = "<group>"; };
		907CB7AE2186A0C4004A6A27 /* ThoughtfulTests.xctest */ = {isa = PBXFileReference; explicitFileType = wrapper.cfbundle; includeInIndex = 0; path = ThoughtfulTests.xctest; sourceTree = BUILT_PRODUCTS_DIR; };
		907CB7B22186A0C4004A6A27 /* ThoughtfulTests.swift */ = {isa = PBXFileReference; lastKnownFileType = sourcecode.swift; path = ThoughtfulTests.swift; sourceTree = "<group>"; };
		907CB7B42186A0C4004A6A27 /* Info.plist */ = {isa = PBXFileReference; lastKnownFileType = text.plist.xml; path = Info.plist; sourceTree = "<group>"; };
		909C26F62190A0390008FC48 /* Base */ = {isa = PBXFileReference; lastKnownFileType = file.storyboard; name = Base; path = Base.lproj/Question.storyboard; sourceTree = "<group>"; };
		90C1EDB1219566560027440F /* Question.swift */ = {isa = PBXFileReference; lastKnownFileType = sourcecode.swift; path = Question.swift; sourceTree = "<group>"; };
		90C1EDB32195EB870027440F /* QuestionsController.swift */ = {isa = PBXFileReference; lastKnownFileType = sourcecode.swift; path = QuestionsController.swift; sourceTree = "<group>"; };
		90C1EDB52195EEEB0027440F /* QuestionViewModel.swift */ = {isa = PBXFileReference; lastKnownFileType = sourcecode.swift; path = QuestionViewModel.swift; sourceTree = "<group>"; };
		90C1EDB921960DEF0027440F /* QuestionTableCell.xib */ = {isa = PBXFileReference; lastKnownFileType = file.xib; path = QuestionTableCell.xib; sourceTree = "<group>"; };
		90C1EDBB21960E900027440F /* QuestionTableCell.swift */ = {isa = PBXFileReference; lastKnownFileType = sourcecode.swift; path = QuestionTableCell.swift; sourceTree = "<group>"; };
		90C1EDBD219615AD0027440F /* QuestionDetailViewController.swift */ = {isa = PBXFileReference; lastKnownFileType = sourcecode.swift; path = QuestionDetailViewController.swift; sourceTree = "<group>"; };
		93EEDDE52E256EDF5D75AF85 /* Pods_ThoughtfulTests.framework */ = {isa = PBXFileReference; explicitFileType = wrapper.framework; includeInIndex = 0; path = Pods_ThoughtfulTests.framework; sourceTree = BUILT_PRODUCTS_DIR; };
		B25CB27034A5993EF849856A /* Pods-ThoughtfulTests.release.xcconfig */ = {isa = PBXFileReference; includeInIndex = 1; lastKnownFileType = text.xcconfig; name = "Pods-ThoughtfulTests.release.xcconfig"; path = "Pods/Target Support Files/Pods-ThoughtfulTests/Pods-ThoughtfulTests.release.xcconfig"; sourceTree = "<group>"; };
/* End PBXFileReference section */

/* Begin PBXFrameworksBuildPhase section */
		907CB7942186A0C2004A6A27 /* Frameworks */ = {
			isa = PBXFrameworksBuildPhase;
			buildActionMask = 2147483647;
			files = (
				72BEC0CD8B3CFF393AE8794B /* Pods_Thoughtful.framework in Frameworks */,
			);
			runOnlyForDeploymentPostprocessing = 0;
		};
		907CB7AB2186A0C4004A6A27 /* Frameworks */ = {
			isa = PBXFrameworksBuildPhase;
			buildActionMask = 2147483647;
			files = (
				C2037C10836386D914F2DA8A /* Pods_ThoughtfulTests.framework in Frameworks */,
			);
			runOnlyForDeploymentPostprocessing = 0;
		};
/* End PBXFrameworksBuildPhase section */

/* Begin PBXGroup section */
		3FEB2A3B99F018952D09CC40 /* Frameworks */ = {
			isa = PBXGroup;
			children = (
				38680F01BE4A916757C8AF15 /* Pods_Thoughtful.framework */,
				93EEDDE52E256EDF5D75AF85 /* Pods_ThoughtfulTests.framework */,
			);
			name = Frameworks;
			sourceTree = "<group>";
		};
		4A6E033274B7A7AA98766FD6 /* Pods */ = {
			isa = PBXGroup;
			children = (
				5EB9C88D8F7D7ABCE4D38A8A /* Pods-Thoughtful.debug.xcconfig */,
				64E4AE1B0374248EB897FF96 /* Pods-Thoughtful.release.xcconfig */,
				134467094834F48FC6B34B20 /* Pods-ThoughtfulTests.debug.xcconfig */,
				B25CB27034A5993EF849856A /* Pods-ThoughtfulTests.release.xcconfig */,
			);
			name = Pods;
			sourceTree = "<group>";
		};
		5368EE3621904AC60011860F /* Controllers */ = {
			isa = PBXGroup;
			children = (
				90C1EDBD219615AD0027440F /* QuestionDetailViewController.swift */,
				53CBBB0221AD1A4200F7EC6D /* HomeQuizViewController.swift */,
				5368EE3721904AC60011860F /* ViewController.swift */,
				5368EE3821904AC60011860F /* AddQuestionController.swift */,
				5368EE4B219093F70011860F /* QuizViewController.swift */,
				5368EE49219086510011860F /* CreateUserController.swift */,
				90C1EDB32195EB870027440F /* QuestionsController.swift */,
			);
			path = Controllers;
			sourceTree = "<group>";
		};
		5368EE3F21904ADD0011860F /* Views */ = {
			isa = PBXGroup;
			children = (
				909C26F52190A0390008FC48 /* Question.storyboard */,
				5368EE4021904ADD0011860F /* Main.storyboard */,
				90C1EDB921960DEF0027440F /* QuestionTableCell.xib */,
				90C1EDBB21960E900027440F /* QuestionTableCell.swift */,
			);
			path = Views;
			sourceTree = "<group>";
		};
		5368EE43219050C30011860F /* Base.lproj */ = {
			isa = PBXGroup;
			children = (
				5368EE44219050C30011860F /* LaunchScreen.storyboard */,
			);
			path = Base.lproj;
			sourceTree = "<group>";
		};
		907CB78E2186A0C2004A6A27 = {
			isa = PBXGroup;
			children = (
				907CB7992186A0C2004A6A27 /* Thoughtful */,
				907CB7B12186A0C4004A6A27 /* ThoughtfulTests */,
				907CB7982186A0C2004A6A27 /* Products */,
				4A6E033274B7A7AA98766FD6 /* Pods */,
				3FEB2A3B99F018952D09CC40 /* Frameworks */,
			);
			sourceTree = "<group>";
		};
		907CB7982186A0C2004A6A27 /* Products */ = {
			isa = PBXGroup;
			children = (
				907CB7972186A0C2004A6A27 /* Thoughtful.app */,
				907CB7AE2186A0C4004A6A27 /* ThoughtfulTests.xctest */,
			);
			name = Products;
			sourceTree = "<group>";
		};
		907CB7992186A0C2004A6A27 /* Thoughtful */ = {
			isa = PBXGroup;
			children = (
				53EBA87021AF569B001DDC4F /* Assets.xcassets */,
				909C26F42190A00A0008FC48 /* Models */,
				5368EE43219050C30011860F /* Base.lproj */,
				907CB79A2186A0C2004A6A27 /* AppDelegate.swift */,
				5368EE3F21904ADD0011860F /* Views */,
				5368EE3621904AC60011860F /* Controllers */,
				907CB7A62186A0C3004A6A27 /* LaunchScreen.storyboard */,
				907CB7A92186A0C3004A6A27 /* Info.plist */,
				907CB7A12186A0C2004A6A27 /* Thoughtful.xcdatamodeld */,
			);
			path = Thoughtful;
			sourceTree = "<group>";
		};
		907CB7B12186A0C4004A6A27 /* ThoughtfulTests */ = {
			isa = PBXGroup;
			children = (
				907CB7B22186A0C4004A6A27 /* ThoughtfulTests.swift */,
				907CB7B42186A0C4004A6A27 /* Info.plist */,
			);
			path = ThoughtfulTests;
			sourceTree = "<group>";
		};
		909C26F42190A00A0008FC48 /* Models */ = {
			isa = PBXGroup;
			children = (
				90C1EDB1219566560027440F /* Question.swift */,
				534C4E8E21A54FE0007ED5FE /* QuizViewModel.swift */,
				534C4E8C21A53999007ED5FE /* UserViewModel.swift */,
				90C1EDB52195EEEB0027440F /* QuestionViewModel.swift */,
				53EBA87221B0D96E001DDC4F /* LoadingScreen.swift */,
			);
			path = Models;
			sourceTree = "<group>";
		};
/* End PBXGroup section */

/* Begin PBXNativeTarget section */
		907CB7962186A0C2004A6A27 /* Thoughtful */ = {
			isa = PBXNativeTarget;
			buildConfigurationList = 907CB7B72186A0C4004A6A27 /* Build configuration list for PBXNativeTarget "Thoughtful" */;
			buildPhases = (
				D92A1A70B9BB3925DE514648 /* [CP] Check Pods Manifest.lock */,
				907CB7932186A0C2004A6A27 /* Sources */,
				907CB7942186A0C2004A6A27 /* Frameworks */,
				907CB7952186A0C2004A6A27 /* Resources */,
				58477BF511051BDC8DE2764F /* [CP] Embed Pods Frameworks */,
			);
			buildRules = (
			);
			dependencies = (
			);
			name = Thoughtful;
			productName = Thoughtful;
			productReference = 907CB7972186A0C2004A6A27 /* Thoughtful.app */;
			productType = "com.apple.product-type.application";
		};
		907CB7AD2186A0C4004A6A27 /* ThoughtfulTests */ = {
			isa = PBXNativeTarget;
			buildConfigurationList = 907CB7BA2186A0C4004A6A27 /* Build configuration list for PBXNativeTarget "ThoughtfulTests" */;
			buildPhases = (
				903B5538B919E57247CA1EC6 /* [CP] Check Pods Manifest.lock */,
				907CB7AA2186A0C4004A6A27 /* Sources */,
				907CB7AB2186A0C4004A6A27 /* Frameworks */,
				907CB7AC2186A0C4004A6A27 /* Resources */,
			);
			buildRules = (
			);
			dependencies = (
				907CB7B02186A0C4004A6A27 /* PBXTargetDependency */,
			);
			name = ThoughtfulTests;
			productName = ThoughtfulTests;
			productReference = 907CB7AE2186A0C4004A6A27 /* ThoughtfulTests.xctest */;
			productType = "com.apple.product-type.bundle.unit-test";
		};
/* End PBXNativeTarget section */

/* Begin PBXProject section */
		907CB78F2186A0C2004A6A27 /* Project object */ = {
			isa = PBXProject;
			attributes = {
				LastSwiftUpdateCheck = 0940;
				LastUpgradeCheck = 0940;
				ORGANIZATIONNAME = "Stephanie Pang";
				TargetAttributes = {
					907CB7962186A0C2004A6A27 = {
						CreatedOnToolsVersion = 9.4.1;
					};
					907CB7AD2186A0C4004A6A27 = {
						CreatedOnToolsVersion = 9.4.1;
						TestTargetID = 907CB7962186A0C2004A6A27;
					};
				};
			};
			buildConfigurationList = 907CB7922186A0C2004A6A27 /* Build configuration list for PBXProject "Thoughtful" */;
			compatibilityVersion = "Xcode 9.3";
			developmentRegion = en;
			hasScannedForEncodings = 0;
			knownRegions = (
				en,
				Base,
			);
			mainGroup = 907CB78E2186A0C2004A6A27;
			productRefGroup = 907CB7982186A0C2004A6A27 /* Products */;
			projectDirPath = "";
			projectRoot = "";
			targets = (
				907CB7962186A0C2004A6A27 /* Thoughtful */,
				907CB7AD2186A0C4004A6A27 /* ThoughtfulTests */,
			);
		};
/* End PBXProject section */

/* Begin PBXResourcesBuildPhase section */
		907CB7952186A0C2004A6A27 /* Resources */ = {
			isa = PBXResourcesBuildPhase;
			buildActionMask = 2147483647;
			files = (
				907CB7A82186A0C3004A6A27 /* LaunchScreen.storyboard in Resources */,
				909C26F72190A0390008FC48 /* Question.storyboard in Resources */,
				90C1EDBA21960DEF0027440F /* QuestionTableCell.xib in Resources */,
				5368EE46219050C30011860F /* LaunchScreen.storyboard in Resources */,
				53EBA87121AF569B001DDC4F /* Assets.xcassets in Resources */,
				5368EE4221904ADD0011860F /* Main.storyboard in Resources */,
			);
			runOnlyForDeploymentPostprocessing = 0;
		};
		907CB7AC2186A0C4004A6A27 /* Resources */ = {
			isa = PBXResourcesBuildPhase;
			buildActionMask = 2147483647;
			files = (
			);
			runOnlyForDeploymentPostprocessing = 0;
		};
/* End PBXResourcesBuildPhase section */

/* Begin PBXShellScriptBuildPhase section */
		58477BF511051BDC8DE2764F /* [CP] Embed Pods Frameworks */ = {
			isa = PBXShellScriptBuildPhase;
			buildActionMask = 2147483647;
			files = (
			);
			inputPaths = (
				"${SRCROOT}/Pods/Target Support Files/Pods-Thoughtful/Pods-Thoughtful-frameworks.sh",
				"${BUILT_PRODUCTS_DIR}/Alamofire/Alamofire.framework",
				"${BUILT_PRODUCTS_DIR}/SwiftyJSON/SwiftyJSON.framework",
			);
			name = "[CP] Embed Pods Frameworks";
			outputPaths = (
				"${TARGET_BUILD_DIR}/${FRAMEWORKS_FOLDER_PATH}/Alamofire.framework",
				"${TARGET_BUILD_DIR}/${FRAMEWORKS_FOLDER_PATH}/SwiftyJSON.framework",
			);
			runOnlyForDeploymentPostprocessing = 0;
			shellPath = /bin/sh;
			shellScript = "\"${SRCROOT}/Pods/Target Support Files/Pods-Thoughtful/Pods-Thoughtful-frameworks.sh\"\n";
			showEnvVarsInLog = 0;
		};
		903B5538B919E57247CA1EC6 /* [CP] Check Pods Manifest.lock */ = {
			isa = PBXShellScriptBuildPhase;
			buildActionMask = 2147483647;
			files = (
			);
			inputPaths = (
				"${PODS_PODFILE_DIR_PATH}/Podfile.lock",
				"${PODS_ROOT}/Manifest.lock",
			);
			name = "[CP] Check Pods Manifest.lock";
			outputPaths = (
				"$(DERIVED_FILE_DIR)/Pods-ThoughtfulTests-checkManifestLockResult.txt",
			);
			runOnlyForDeploymentPostprocessing = 0;
			shellPath = /bin/sh;
			shellScript = "diff \"${PODS_PODFILE_DIR_PATH}/Podfile.lock\" \"${PODS_ROOT}/Manifest.lock\" > /dev/null\nif [ $? != 0 ] ; then\n    # print error to STDERR\n    echo \"error: The sandbox is not in sync with the Podfile.lock. Run 'pod install' or update your CocoaPods installation.\" >&2\n    exit 1\nfi\n# This output is used by Xcode 'outputs' to avoid re-running this script phase.\necho \"SUCCESS\" > \"${SCRIPT_OUTPUT_FILE_0}\"\n";
			showEnvVarsInLog = 0;
		};
		D92A1A70B9BB3925DE514648 /* [CP] Check Pods Manifest.lock */ = {
			isa = PBXShellScriptBuildPhase;
			buildActionMask = 2147483647;
			files = (
			);
			inputPaths = (
				"${PODS_PODFILE_DIR_PATH}/Podfile.lock",
				"${PODS_ROOT}/Manifest.lock",
			);
			name = "[CP] Check Pods Manifest.lock";
			outputPaths = (
				"$(DERIVED_FILE_DIR)/Pods-Thoughtful-checkManifestLockResult.txt",
			);
			runOnlyForDeploymentPostprocessing = 0;
			shellPath = /bin/sh;
			shellScript = "diff \"${PODS_PODFILE_DIR_PATH}/Podfile.lock\" \"${PODS_ROOT}/Manifest.lock\" > /dev/null\nif [ $? != 0 ] ; then\n    # print error to STDERR\n    echo \"error: The sandbox is not in sync with the Podfile.lock. Run 'pod install' or update your CocoaPods installation.\" >&2\n    exit 1\nfi\n# This output is used by Xcode 'outputs' to avoid re-running this script phase.\necho \"SUCCESS\" > \"${SCRIPT_OUTPUT_FILE_0}\"\n";
			showEnvVarsInLog = 0;
		};
/* End PBXShellScriptBuildPhase section */

/* Begin PBXSourcesBuildPhase section */
		907CB7932186A0C2004A6A27 /* Sources */ = {
			isa = PBXSourcesBuildPhase;
			buildActionMask = 2147483647;
			files = (
				90C1EDBC21960E900027440F /* QuestionTableCell.swift in Sources */,
				907CB7A32186A0C2004A6A27 /* Thoughtful.xcdatamodeld in Sources */,
				5368EE3A21904AC60011860F /* AddQuestionController.swift in Sources */,
				90C1EDB42195EB870027440F /* QuestionsController.swift in Sources */,
				5368EE4C219093F70011860F /* QuizViewController.swift in Sources */,
				53EBA87321B0D96E001DDC4F /* LoadingScreen.swift in Sources */,
				5368EE3921904AC60011860F /* ViewController.swift in Sources */,
				90C1EDBE219615AD0027440F /* QuestionDetailViewController.swift in Sources */,
				907CB79B2186A0C2004A6A27 /* AppDelegate.swift in Sources */,
				534C4E8D21A53999007ED5FE /* UserViewModel.swift in Sources */,
				534C4E8F21A54FE0007ED5FE /* QuizViewModel.swift in Sources */,
				53CBBB0321AD1A4200F7EC6D /* HomeQuizViewController.swift in Sources */,
				90C1EDB2219566560027440F /* Question.swift in Sources */,
				90C1EDB62195EEEB0027440F /* QuestionViewModel.swift in Sources */,
				5368EE4A219086510011860F /* CreateUserController.swift in Sources */,
			);
			runOnlyForDeploymentPostprocessing = 0;
		};
		907CB7AA2186A0C4004A6A27 /* Sources */ = {
			isa = PBXSourcesBuildPhase;
			buildActionMask = 2147483647;
			files = (
				907CB7B32186A0C4004A6A27 /* ThoughtfulTests.swift in Sources */,
			);
			runOnlyForDeploymentPostprocessing = 0;
		};
/* End PBXSourcesBuildPhase section */

/* Begin PBXTargetDependency section */
		907CB7B02186A0C4004A6A27 /* PBXTargetDependency */ = {
			isa = PBXTargetDependency;
			target = 907CB7962186A0C2004A6A27 /* Thoughtful */;
			targetProxy = 907CB7AF2186A0C4004A6A27 /* PBXContainerItemProxy */;
		};
/* End PBXTargetDependency section */

/* Begin PBXVariantGroup section */
		5368EE4021904ADD0011860F /* Main.storyboard */ = {
			isa = PBXVariantGroup;
			children = (
				5368EE4121904ADD0011860F /* Base */,
			);
			name = Main.storyboard;
			sourceTree = "<group>";
		};
		5368EE44219050C30011860F /* LaunchScreen.storyboard */ = {
			isa = PBXVariantGroup;
			children = (
				5368EE45219050C30011860F /* Base */,
			);
			name = LaunchScreen.storyboard;
			sourceTree = "<group>";
		};
		907CB7A62186A0C3004A6A27 /* LaunchScreen.storyboard */ = {
			isa = PBXVariantGroup;
			children = (
				907CB7A72186A0C3004A6A27 /* Base */,
			);
			name = LaunchScreen.storyboard;
			sourceTree = "<group>";
		};
		909C26F52190A0390008FC48 /* Question.storyboard */ = {
			isa = PBXVariantGroup;
			children = (
				909C26F62190A0390008FC48 /* Base */,
			);
			name = Question.storyboard;
			sourceTree = "<group>";
		};
/* End PBXVariantGroup section */

/* Begin XCBuildConfiguration section */
		907CB7B52186A0C4004A6A27 /* Debug */ = {
			isa = XCBuildConfiguration;
			buildSettings = {
				ALWAYS_SEARCH_USER_PATHS = NO;
				CLANG_ANALYZER_NONNULL = YES;
				CLANG_ANALYZER_NUMBER_OBJECT_CONVERSION = YES_AGGRESSIVE;
				CLANG_CXX_LANGUAGE_STANDARD = "gnu++14";
				CLANG_CXX_LIBRARY = "libc++";
				CLANG_ENABLE_MODULES = YES;
				CLANG_ENABLE_OBJC_ARC = YES;
				CLANG_ENABLE_OBJC_WEAK = YES;
				CLANG_WARN_BLOCK_CAPTURE_AUTORELEASING = YES;
				CLANG_WARN_BOOL_CONVERSION = YES;
				CLANG_WARN_COMMA = YES;
				CLANG_WARN_CONSTANT_CONVERSION = YES;
				CLANG_WARN_DEPRECATED_OBJC_IMPLEMENTATIONS = YES;
				CLANG_WARN_DIRECT_OBJC_ISA_USAGE = YES_ERROR;
				CLANG_WARN_DOCUMENTATION_COMMENTS = YES;
				CLANG_WARN_EMPTY_BODY = YES;
				CLANG_WARN_ENUM_CONVERSION = YES;
				CLANG_WARN_INFINITE_RECURSION = YES;
				CLANG_WARN_INT_CONVERSION = YES;
				CLANG_WARN_NON_LITERAL_NULL_CONVERSION = YES;
				CLANG_WARN_OBJC_IMPLICIT_RETAIN_SELF = YES;
				CLANG_WARN_OBJC_LITERAL_CONVERSION = YES;
				CLANG_WARN_OBJC_ROOT_CLASS = YES_ERROR;
				CLANG_WARN_RANGE_LOOP_ANALYSIS = YES;
				CLANG_WARN_STRICT_PROTOTYPES = YES;
				CLANG_WARN_SUSPICIOUS_MOVE = YES;
				CLANG_WARN_UNGUARDED_AVAILABILITY = YES_AGGRESSIVE;
				CLANG_WARN_UNREACHABLE_CODE = YES;
				CLANG_WARN__DUPLICATE_METHOD_MATCH = YES;
				CODE_SIGN_IDENTITY = "iPhone Developer";
				COPY_PHASE_STRIP = NO;
				DEBUG_INFORMATION_FORMAT = dwarf;
				ENABLE_STRICT_OBJC_MSGSEND = YES;
				ENABLE_TESTABILITY = YES;
				GCC_C_LANGUAGE_STANDARD = gnu11;
				GCC_DYNAMIC_NO_PIC = NO;
				GCC_NO_COMMON_BLOCKS = YES;
				GCC_OPTIMIZATION_LEVEL = 0;
				GCC_PREPROCESSOR_DEFINITIONS = (
					"DEBUG=1",
					"$(inherited)",
				);
				GCC_WARN_64_TO_32_BIT_CONVERSION = YES;
				GCC_WARN_ABOUT_RETURN_TYPE = YES_ERROR;
				GCC_WARN_UNDECLARED_SELECTOR = YES;
				GCC_WARN_UNINITIALIZED_AUTOS = YES_AGGRESSIVE;
				GCC_WARN_UNUSED_FUNCTION = YES;
				GCC_WARN_UNUSED_VARIABLE = YES;
				IPHONEOS_DEPLOYMENT_TARGET = 11.4;
				MTL_ENABLE_DEBUG_INFO = YES;
				ONLY_ACTIVE_ARCH = YES;
				SDKROOT = iphoneos;
				SWIFT_ACTIVE_COMPILATION_CONDITIONS = DEBUG;
				SWIFT_OPTIMIZATION_LEVEL = "-Onone";
			};
			name = Debug;
		};
		907CB7B62186A0C4004A6A27 /* Release */ = {
			isa = XCBuildConfiguration;
			buildSettings = {
				ALWAYS_SEARCH_USER_PATHS = NO;
				CLANG_ANALYZER_NONNULL = YES;
				CLANG_ANALYZER_NUMBER_OBJECT_CONVERSION = YES_AGGRESSIVE;
				CLANG_CXX_LANGUAGE_STANDARD = "gnu++14";
				CLANG_CXX_LIBRARY = "libc++";
				CLANG_ENABLE_MODULES = YES;
				CLANG_ENABLE_OBJC_ARC = YES;
				CLANG_ENABLE_OBJC_WEAK = YES;
				CLANG_WARN_BLOCK_CAPTURE_AUTORELEASING = YES;
				CLANG_WARN_BOOL_CONVERSION = YES;
				CLANG_WARN_COMMA = YES;
				CLANG_WARN_CONSTANT_CONVERSION = YES;
				CLANG_WARN_DEPRECATED_OBJC_IMPLEMENTATIONS = YES;
				CLANG_WARN_DIRECT_OBJC_ISA_USAGE = YES_ERROR;
				CLANG_WARN_DOCUMENTATION_COMMENTS = YES;
				CLANG_WARN_EMPTY_BODY = YES;
				CLANG_WARN_ENUM_CONVERSION = YES;
				CLANG_WARN_INFINITE_RECURSION = YES;
				CLANG_WARN_INT_CONVERSION = YES;
				CLANG_WARN_NON_LITERAL_NULL_CONVERSION = YES;
				CLANG_WARN_OBJC_IMPLICIT_RETAIN_SELF = YES;
				CLANG_WARN_OBJC_LITERAL_CONVERSION = YES;
				CLANG_WARN_OBJC_ROOT_CLASS = YES_ERROR;
				CLANG_WARN_RANGE_LOOP_ANALYSIS = YES;
				CLANG_WARN_STRICT_PROTOTYPES = YES;
				CLANG_WARN_SUSPICIOUS_MOVE = YES;
				CLANG_WARN_UNGUARDED_AVAILABILITY = YES_AGGRESSIVE;
				CLANG_WARN_UNREACHABLE_CODE = YES;
				CLANG_WARN__DUPLICATE_METHOD_MATCH = YES;
				CODE_SIGN_IDENTITY = "iPhone Developer";
				COPY_PHASE_STRIP = NO;
				DEBUG_INFORMATION_FORMAT = "dwarf-with-dsym";
				ENABLE_NS_ASSERTIONS = NO;
				ENABLE_STRICT_OBJC_MSGSEND = YES;
				GCC_C_LANGUAGE_STANDARD = gnu11;
				GCC_NO_COMMON_BLOCKS = YES;
				GCC_WARN_64_TO_32_BIT_CONVERSION = YES;
				GCC_WARN_ABOUT_RETURN_TYPE = YES_ERROR;
				GCC_WARN_UNDECLARED_SELECTOR = YES;
				GCC_WARN_UNINITIALIZED_AUTOS = YES_AGGRESSIVE;
				GCC_WARN_UNUSED_FUNCTION = YES;
				GCC_WARN_UNUSED_VARIABLE = YES;
				IPHONEOS_DEPLOYMENT_TARGET = 11.4;
				MTL_ENABLE_DEBUG_INFO = NO;
				SDKROOT = iphoneos;
				SWIFT_COMPILATION_MODE = wholemodule;
				SWIFT_OPTIMIZATION_LEVEL = "-O";
				VALIDATE_PRODUCT = YES;
			};
			name = Release;
		};
		907CB7B82186A0C4004A6A27 /* Debug */ = {
			isa = XCBuildConfiguration;
			baseConfigurationReference = 5EB9C88D8F7D7ABCE4D38A8A /* Pods-Thoughtful.debug.xcconfig */;
			buildSettings = {
				ASSETCATALOG_COMPILER_APPICON_NAME = AppIcon;
				CODE_SIGN_STYLE = Automatic;
				DEVELOPMENT_TEAM = L33S2HZC8R;
				INFOPLIST_FILE = Thoughtful/Info.plist;
				LD_RUNPATH_SEARCH_PATHS = (
					"$(inherited)",
					"@executable_path/Frameworks",
				);
				PRODUCT_BUNDLE_IDENTIFIER = Me.Thoughtful;
				PRODUCT_NAME = "$(TARGET_NAME)";
				SWIFT_VERSION = 4.0;
				TARGETED_DEVICE_FAMILY = "1,2";
			};
			name = Debug;
		};
		907CB7B92186A0C4004A6A27 /* Release */ = {
			isa = XCBuildConfiguration;
			baseConfigurationReference = 64E4AE1B0374248EB897FF96 /* Pods-Thoughtful.release.xcconfig */;
			buildSettings = {
				ASSETCATALOG_COMPILER_APPICON_NAME = AppIcon;
				CODE_SIGN_STYLE = Automatic;
				"CODE_SIGN_STYLE[sdk=*]" = Automatic;
				DEVELOPMENT_TEAM = L33S2HZC8R;
				INFOPLIST_FILE = Thoughtful/Info.plist;
				LD_RUNPATH_SEARCH_PATHS = (
					"$(inherited)",
					"@executable_path/Frameworks",
				);
				PRODUCT_BUNDLE_IDENTIFIER = Me.Thoughtful;
				PRODUCT_NAME = "$(TARGET_NAME)";
				SWIFT_VERSION = 4.0;
				TARGETED_DEVICE_FAMILY = "1,2";
			};
			name = Release;
		};
		907CB7BB2186A0C4004A6A27 /* Debug */ = {
			isa = XCBuildConfiguration;
			baseConfigurationReference = 134467094834F48FC6B34B20 /* Pods-ThoughtfulTests.debug.xcconfig */;
			buildSettings = {
				ALWAYS_EMBED_SWIFT_STANDARD_LIBRARIES = YES;
				BUNDLE_LOADER = "$(TEST_HOST)";
				CODE_SIGN_STYLE = Automatic;
				INFOPLIST_FILE = ThoughtfulTests/Info.plist;
				LD_RUNPATH_SEARCH_PATHS = (
					"$(inherited)",
					"@executable_path/Frameworks",
					"@loader_path/Frameworks",
				);
				PRODUCT_BUNDLE_IDENTIFIER = Me.ThoughtfulTests;
				PRODUCT_NAME = "$(TARGET_NAME)";
				SWIFT_VERSION = 4.0;
				TARGETED_DEVICE_FAMILY = "1,2";
				TEST_HOST = "$(BUILT_PRODUCTS_DIR)/Thoughtful.app/Thoughtful";
			};
			name = Debug;
		};
		907CB7BC2186A0C4004A6A27 /* Release */ = {
			isa = XCBuildConfiguration;
			baseConfigurationReference = B25CB27034A5993EF849856A /* Pods-ThoughtfulTests.release.xcconfig */;
			buildSettings = {
				ALWAYS_EMBED_SWIFT_STANDARD_LIBRARIES = YES;
				BUNDLE_LOADER = "$(TEST_HOST)";
				CODE_SIGN_STYLE = Automatic;
				INFOPLIST_FILE = ThoughtfulTests/Info.plist;
				LD_RUNPATH_SEARCH_PATHS = (
					"$(inherited)",
					"@executable_path/Frameworks",
					"@loader_path/Frameworks",
				);
				PRODUCT_BUNDLE_IDENTIFIER = Me.ThoughtfulTests;
				PRODUCT_NAME = "$(TARGET_NAME)";
				SWIFT_VERSION = 4.0;
				TARGETED_DEVICE_FAMILY = "1,2";
				TEST_HOST = "$(BUILT_PRODUCTS_DIR)/Thoughtful.app/Thoughtful";
			};
			name = Release;
		};
/* End XCBuildConfiguration section */

/* Begin XCConfigurationList section */
		907CB7922186A0C2004A6A27 /* Build configuration list for PBXProject "Thoughtful" */ = {
			isa = XCConfigurationList;
			buildConfigurations = (
				907CB7B52186A0C4004A6A27 /* Debug */,
				907CB7B62186A0C4004A6A27 /* Release */,
			);
			defaultConfigurationIsVisible = 0;
			defaultConfigurationName = Release;
		};
		907CB7B72186A0C4004A6A27 /* Build configuration list for PBXNativeTarget "Thoughtful" */ = {
			isa = XCConfigurationList;
			buildConfigurations = (
				907CB7B82186A0C4004A6A27 /* Debug */,
				907CB7B92186A0C4004A6A27 /* Release */,
			);
			defaultConfigurationIsVisible = 0;
			defaultConfigurationName = Release;
		};
		907CB7BA2186A0C4004A6A27 /* Build configuration list for PBXNativeTarget "ThoughtfulTests" */ = {
			isa = XCConfigurationList;
			buildConfigurations = (
				907CB7BB2186A0C4004A6A27 /* Debug */,
				907CB7BC2186A0C4004A6A27 /* Release */,
			);
			defaultConfigurationIsVisible = 0;
			defaultConfigurationName = Release;
		};
/* End XCConfigurationList section */

/* Begin XCVersionGroup section */
		907CB7A12186A0C2004A6A27 /* Thoughtful.xcdatamodeld */ = {
			isa = XCVersionGroup;
			children = (
				907CB7A22186A0C2004A6A27 /* Thoughtful.xcdatamodel */,
			);
			currentVersion = 907CB7A22186A0C2004A6A27 /* Thoughtful.xcdatamodel */;
			path = Thoughtful.xcdatamodeld;
			sourceTree = "<group>";
			versionGroupType = wrapper.xcdatamodel;
		};
/* End XCVersionGroup section */
	};
	rootObject = 907CB78F2186A0C2004A6A27 /* Project object */;
}
